// !$*UTF8*$!
{
	archiveVersion = 1;
	classes = {
	};
	objectVersion = 56;
	objects = {

/* Begin PBXBuildFile section */
		36C1AD2E2C92EF44000A9861 /* AppDelegate.swift in Sources */ = {isa = PBXBuildFile; fileRef = 36C1AD2D2C92EF44000A9861 /* AppDelegate.swift */; };
		36C1AD302C92EF44000A9861 /* SceneDelegate.swift in Sources */ = {isa = PBXBuildFile; fileRef = 36C1AD2F2C92EF44000A9861 /* SceneDelegate.swift */; };
		36C1AD322C92EF44000A9861 /* ViewController.swift in Sources */ = {isa = PBXBuildFile; fileRef = 36C1AD312C92EF44000A9861 /* ViewController.swift */; };
		36C1AD352C92EF44000A9861 /* Base in Resources */ = {isa = PBXBuildFile; fileRef = 36C1AD342C92EF44000A9861 /* Base */; };
		36C1AD372C92EF46000A9861 /* Assets.xcassets in Resources */ = {isa = PBXBuildFile; fileRef = 36C1AD362C92EF46000A9861 /* Assets.xcassets */; };
		36C1AD3A2C92EF46000A9861 /* Base in Resources */ = {isa = PBXBuildFile; fileRef = 36C1AD392C92EF46000A9861 /* Base */; };
		36C1AD462C92F667000A9861 /* VisitorsGraph.swift in Sources */ = {isa = PBXBuildFile; fileRef = 36C1AD452C92F667000A9861 /* VisitorsGraph.swift */; };
		36C1AD482C93033B000A9861 /* NetworkService.swift in Sources */ = {isa = PBXBuildFile; fileRef = 36C1AD472C93033B000A9861 /* NetworkService.swift */; };
		36C1AD4B2C9311EA000A9861 /* Gilroy-Medium.ttf in Resources */ = {isa = PBXBuildFile; fileRef = 36C1AD4A2C9311EA000A9861 /* Gilroy-Medium.ttf */; };
		36C1AD4D2C931523000A9861 /* VisitorsModel.swift in Sources */ = {isa = PBXBuildFile; fileRef = 36C1AD4C2C931523000A9861 /* VisitorsModel.swift */; };
		36C1AD512C931835000A9861 /* DGCharts in Frameworks */ = {isa = PBXBuildFile; productRef = 36C1AD502C931835000A9861 /* DGCharts */; };
		36C1AD532C931835000A9861 /* DGChartsDynamic in Frameworks */ = {isa = PBXBuildFile; productRef = 36C1AD522C931835000A9861 /* DGChartsDynamic */; };
/* End PBXBuildFile section */

/* Begin PBXFileReference section */
		36C1AD2A2C92EF44000A9861 /* Test.app */ = {isa = PBXFileReference; explicitFileType = wrapper.application; includeInIndex = 0; path = Test.app; sourceTree = BUILT_PRODUCTS_DIR; };
		36C1AD2D2C92EF44000A9861 /* AppDelegate.swift */ = {isa = PBXFileReference; lastKnownFileType = sourcecode.swift; path = AppDelegate.swift; sourceTree = "<group>"; };
		36C1AD2F2C92EF44000A9861 /* SceneDelegate.swift */ = {isa = PBXFileReference; lastKnownFileType = sourcecode.swift; path = SceneDelegate.swift; sourceTree = "<group>"; };
		36C1AD312C92EF44000A9861 /* ViewController.swift */ = {isa = PBXFileReference; lastKnownFileType = sourcecode.swift; path = ViewController.swift; sourceTree = "<group>"; };
		36C1AD342C92EF44000A9861 /* Base */ = {isa = PBXFileReference; lastKnownFileType = file.storyboard; name = Base; path = Base.lproj/Main.storyboard; sourceTree = "<group>"; };
		36C1AD362C92EF46000A9861 /* Assets.xcassets */ = {isa = PBXFileReference; lastKnownFileType = folder.assetcatalog; path = Assets.xcassets; sourceTree = "<group>"; };
		36C1AD392C92EF46000A9861 /* Base */ = {isa = PBXFileReference; lastKnownFileType = file.storyboard; name = Base; path = Base.lproj/LaunchScreen.storyboard; sourceTree = "<group>"; };
		36C1AD3B2C92EF46000A9861 /* Info.plist */ = {isa = PBXFileReference; lastKnownFileType = text.plist.xml; path = Info.plist; sourceTree = "<group>"; };
		36C1AD452C92F667000A9861 /* VisitorsGraph.swift */ = {isa = PBXFileReference; lastKnownFileType = sourcecode.swift; path = VisitorsGraph.swift; sourceTree = "<group>"; };
		36C1AD472C93033B000A9861 /* NetworkService.swift */ = {isa = PBXFileReference; lastKnownFileType = sourcecode.swift; path = NetworkService.swift; sourceTree = "<group>"; };
		36C1AD4A2C9311EA000A9861 /* Gilroy-Medium.ttf */ = {isa = PBXFileReference; lastKnownFileType = file; path = "Gilroy-Medium.ttf"; sourceTree = "<group>"; };
		36C1AD4C2C931523000A9861 /* VisitorsModel.swift */ = {isa = PBXFileReference; lastKnownFileType = sourcecode.swift; path = VisitorsModel.swift; sourceTree = "<group>"; };
/* End PBXFileReference section */

/* Begin PBXFrameworksBuildPhase section */
		36C1AD272C92EF44000A9861 /* Frameworks */ = {
			isa = PBXFrameworksBuildPhase;
			buildActionMask = 2147483647;
			files = (
				36C1AD532C931835000A9861 /* DGChartsDynamic in Frameworks */,
				36C1AD512C931835000A9861 /* DGCharts in Frameworks */,
			);
			runOnlyForDeploymentPostprocessing = 0;
		};
/* End PBXFrameworksBuildPhase section */

/* Begin PBXGroup section */
		36C1AD212C92EF44000A9861 = {
			isa = PBXGroup;
			children = (
				36C1AD2C2C92EF44000A9861 /* Test */,
				36C1AD2B2C92EF44000A9861 /* Products */,
			);
			sourceTree = "<group>";
		};
		36C1AD2B2C92EF44000A9861 /* Products */ = {
			isa = PBXGroup;
			children = (
				36C1AD2A2C92EF44000A9861 /* Test.app */,
			);
			name = Products;
			sourceTree = "<group>";
		};
		36C1AD2C2C92EF44000A9861 /* Test */ = {
			isa = PBXGroup;
			children = (
				36C1AD4E2C931618000A9861 /* Network */,
				36C1AD492C9311C1000A9861 /* Fonts */,
				36C1AD442C92F0B1000A9861 /* Models */,
				36C1AD432C92F0A3000A9861 /* Views */,
				36C1AD422C92F095000A9861 /* System */,
				36C1AD412C92F087000A9861 /* Controllers */,
			);
			path = Test;
			sourceTree = "<group>";
		};
		36C1AD412C92F087000A9861 /* Controllers */ = {
			isa = PBXGroup;
			children = (
				36C1AD312C92EF44000A9861 /* ViewController.swift */,
			);
			path = Controllers;
			sourceTree = "<group>";
		};
		36C1AD422C92F095000A9861 /* System */ = {
			isa = PBXGroup;
			children = (
				36C1AD332C92EF44000A9861 /* Main.storyboard */,
				36C1AD382C92EF46000A9861 /* LaunchScreen.storyboard */,
				36C1AD362C92EF46000A9861 /* Assets.xcassets */,
				36C1AD3B2C92EF46000A9861 /* Info.plist */,
				36C1AD2D2C92EF44000A9861 /* AppDelegate.swift */,
				36C1AD2F2C92EF44000A9861 /* SceneDelegate.swift */,
			);
			path = System;
			sourceTree = "<group>";
		};
		36C1AD432C92F0A3000A9861 /* Views */ = {
			isa = PBXGroup;
			children = (
				36C1AD452C92F667000A9861 /* VisitorsGraph.swift */,
			);
			path = Views;
			sourceTree = "<group>";
		};
		36C1AD442C92F0B1000A9861 /* Models */ = {
			isa = PBXGroup;
			children = (
				36C1AD4C2C931523000A9861 /* VisitorsModel.swift */,
			);
			path = Models;
			sourceTree = "<group>";
		};
		36C1AD492C9311C1000A9861 /* Fonts */ = {
			isa = PBXGroup;
			children = (
				36C1AD4A2C9311EA000A9861 /* Gilroy-Medium.ttf */,
			);
			path = Fonts;
			sourceTree = "<group>";
		};
		36C1AD4E2C931618000A9861 /* Network */ = {
			isa = PBXGroup;
			children = (
				36C1AD472C93033B000A9861 /* NetworkService.swift */,
			);
			path = Network;
			sourceTree = "<group>";
		};
/* End PBXGroup section */

/* Begin PBXNativeTarget section */
		36C1AD292C92EF44000A9861 /* Test */ = {
			isa = PBXNativeTarget;
			buildConfigurationList = 36C1AD3E2C92EF46000A9861 /* Build configuration list for PBXNativeTarget "Test" */;
			buildPhases = (
				36C1AD262C92EF44000A9861 /* Sources */,
				36C1AD272C92EF44000A9861 /* Frameworks */,
				36C1AD282C92EF44000A9861 /* Resources */,
			);
			buildRules = (
			);
			dependencies = (
			);
			name = Test;
			packageProductDependencies = (
				36C1AD502C931835000A9861 /* DGCharts */,
				36C1AD522C931835000A9861 /* DGChartsDynamic */,
			);
			productName = Test;
			productReference = 36C1AD2A2C92EF44000A9861 /* Test.app */;
			productType = "com.apple.product-type.application";
		};
/* End PBXNativeTarget section */

/* Begin PBXProject section */
		36C1AD222C92EF44000A9861 /* Project object */ = {
			isa = PBXProject;
			attributes = {
				BuildIndependentTargetsInParallel = 1;
				LastSwiftUpdateCheck = 1540;
				LastUpgradeCheck = 1540;
				TargetAttributes = {
					36C1AD292C92EF44000A9861 = {
						CreatedOnToolsVersion = 15.4;
					};
				};
			};
			buildConfigurationList = 36C1AD252C92EF44000A9861 /* Build configuration list for PBXProject "Test" */;
			compatibilityVersion = "Xcode 14.0";
			developmentRegion = en;
			hasScannedForEncodings = 0;
			knownRegions = (
				en,
				Base,
			);
			mainGroup = 36C1AD212C92EF44000A9861;
			packageReferences = (
				36C1AD4F2C931835000A9861 /* XCRemoteSwiftPackageReference "Charts" */,
			);
			productRefGroup = 36C1AD2B2C92EF44000A9861 /* Products */;
			projectDirPath = "";
			projectRoot = "";
			targets = (
				36C1AD292C92EF44000A9861 /* Test */,
			);
		};
/* End PBXProject section */

/* Begin PBXResourcesBuildPhase section */
		36C1AD282C92EF44000A9861 /* Resources */ = {
			isa = PBXResourcesBuildPhase;
			buildActionMask = 2147483647;
			files = (
				36C1AD372C92EF46000A9861 /* Assets.xcassets in Resources */,
				36C1AD4B2C9311EA000A9861 /* Gilroy-Medium.ttf in Resources */,
				36C1AD3A2C92EF46000A9861 /* Base in Resources */,
				36C1AD352C92EF44000A9861 /* Base in Resources */,
			);
			runOnlyForDeploymentPostprocessing = 0;
		};
/* End PBXResourcesBuildPhase section */

/* Begin PBXSourcesBuildPhase section */
		36C1AD262C92EF44000A9861 /* Sources */ = {
			isa = PBXSourcesBuildPhase;
			buildActionMask = 2147483647;
			files = (
				36C1AD4D2C931523000A9861 /* VisitorsModel.swift in Sources */,
				36C1AD482C93033B000A9861 /* NetworkService.swift in Sources */,
				36C1AD322C92EF44000A9861 /* ViewController.swift in Sources */,
				36C1AD2E2C92EF44000A9861 /* AppDelegate.swift in Sources */,
				36C1AD302C92EF44000A9861 /* SceneDelegate.swift in Sources */,
				36C1AD462C92F667000A9861 /* VisitorsGraph.swift in Sources */,
			);
			runOnlyForDeploymentPostprocessing = 0;
		};
/* End PBXSourcesBuildPhase section */

/* Begin PBXVariantGroup section */
		36C1AD332C92EF44000A9861 /* Main.storyboard */ = {
			isa = PBXVariantGroup;
			children = (
				36C1AD342C92EF44000A9861 /* Base */,
			);
			name = Main.storyboard;
			sourceTree = "<group>";
		};
		36C1AD382C92EF46000A9861 /* LaunchScreen.storyboard */ = {
			isa = PBXVariantGroup;
			children = (
				36C1AD392C92EF46000A9861 /* Base */,
			);
			name = LaunchScreen.storyboard;
			sourceTree = "<group>";
		};
/* End PBXVariantGroup section */

/* Begin XCBuildConfiguration section */
		36C1AD3C2C92EF46000A9861 /* Debug */ = {
			isa = XCBuildConfiguration;
			buildSettings = {
				ALWAYS_SEARCH_USER_PATHS = NO;
				ASSETCATALOG_COMPILER_GENERATE_SWIFT_ASSET_SYMBOL_EXTENSIONS = YES;
				CLANG_ANALYZER_NONNULL = YES;
				CLANG_ANALYZER_NUMBER_OBJECT_CONVERSION = YES_AGGRESSIVE;
				CLANG_CXX_LANGUAGE_STANDARD = "gnu++20";
				CLANG_ENABLE_MODULES = YES;
				CLANG_ENABLE_OBJC_ARC = YES;
				CLANG_ENABLE_OBJC_WEAK = YES;
				CLANG_WARN_BLOCK_CAPTURE_AUTORELEASING = YES;
				CLANG_WARN_BOOL_CONVERSION = YES;
				CLANG_WARN_COMMA = YES;
				CLANG_WARN_CONSTANT_CONVERSION = YES;
				CLANG_WARN_DEPRECATED_OBJC_IMPLEMENTATIONS = YES;
				CLANG_WARN_DIRECT_OBJC_ISA_USAGE = YES_ERROR;
				CLANG_WARN_DOCUMENTATION_COMMENTS = YES;
				CLANG_WARN_EMPTY_BODY = YES;
				CLANG_WARN_ENUM_CONVERSION = YES;
				CLANG_WARN_INFINITE_RECURSION = YES;
				CLANG_WARN_INT_CONVERSION = YES;
				CLANG_WARN_NON_LITERAL_NULL_CONVERSION = YES;
				CLANG_WARN_OBJC_IMPLICIT_RETAIN_SELF = YES;
				CLANG_WARN_OBJC_LITERAL_CONVERSION = YES;
				CLANG_WARN_OBJC_ROOT_CLASS = YES_ERROR;
				CLANG_WARN_QUOTED_INCLUDE_IN_FRAMEWORK_HEADER = YES;
				CLANG_WARN_RANGE_LOOP_ANALYSIS = YES;
				CLANG_WARN_STRICT_PROTOTYPES = YES;
				CLANG_WARN_SUSPICIOUS_MOVE = YES;
				CLANG_WARN_UNGUARDED_AVAILABILITY = YES_AGGRESSIVE;
				CLANG_WARN_UNREACHABLE_CODE = YES;
				CLANG_WARN__DUPLICATE_METHOD_MATCH = YES;
				COPY_PHASE_STRIP = NO;
				DEBUG_INFORMATION_FORMAT = dwarf;
				ENABLE_STRICT_OBJC_MSGSEND = YES;
				ENABLE_TESTABILITY = YES;
				ENABLE_USER_SCRIPT_SANDBOXING = YES;
				GCC_C_LANGUAGE_STANDARD = gnu17;
				GCC_DYNAMIC_NO_PIC = NO;
				GCC_NO_COMMON_BLOCKS = YES;
				GCC_OPTIMIZATION_LEVEL = 0;
				GCC_PREPROCESSOR_DEFINITIONS = (
					"DEBUG=1",
					"$(inherited)",
				);
				GCC_WARN_64_TO_32_BIT_CONVERSION = YES;
				GCC_WARN_ABOUT_RETURN_TYPE = YES_ERROR;
				GCC_WARN_UNDECLARED_SELECTOR = YES;
				GCC_WARN_UNINITIALIZED_AUTOS = YES_AGGRESSIVE;
				GCC_WARN_UNUSED_FUNCTION = YES;
				GCC_WARN_UNUSED_VARIABLE = YES;
				IPHONEOS_DEPLOYMENT_TARGET = 17.5;
				LOCALIZATION_PREFERS_STRING_CATALOGS = YES;
				MTL_ENABLE_DEBUG_INFO = INCLUDE_SOURCE;
				MTL_FAST_MATH = YES;
				ONLY_ACTIVE_ARCH = YES;
				SDKROOT = iphoneos;
				SWIFT_ACTIVE_COMPILATION_CONDITIONS = "DEBUG $(inherited)";
				SWIFT_OPTIMIZATION_LEVEL = "-Onone";
			};
			name = Debug;
		};
		36C1AD3D2C92EF46000A9861 /* Release */ = {
			isa = XCBuildConfiguration;
			buildSettings = {
				ALWAYS_SEARCH_USER_PATHS = NO;
				ASSETCATALOG_COMPILER_GENERATE_SWIFT_ASSET_SYMBOL_EXTENSIONS = YES;
				CLANG_ANALYZER_NONNULL = YES;
				CLANG_ANALYZER_NUMBER_OBJECT_CONVERSION = YES_AGGRESSIVE;
				CLANG_CXX_LANGUAGE_STANDARD = "gnu++20";
				CLANG_ENABLE_MODULES = YES;
				CLANG_ENABLE_OBJC_ARC = YES;
				CLANG_ENABLE_OBJC_WEAK = YES;
				CLANG_WARN_BLOCK_CAPTURE_AUTORELEASING = YES;
				CLANG_WARN_BOOL_CONVERSION = YES;
				CLANG_WARN_COMMA = YES;
				CLANG_WARN_CONSTANT_CONVERSION = YES;
				CLANG_WARN_DEPRECATED_OBJC_IMPLEMENTATIONS = YES;
				CLANG_WARN_DIRECT_OBJC_ISA_USAGE = YES_ERROR;
				CLANG_WARN_DOCUMENTATION_COMMENTS = YES;
				CLANG_WARN_EMPTY_BODY = YES;
				CLANG_WARN_ENUM_CONVERSION = YES;
				CLANG_WARN_INFINITE_RECURSION = YES;
				CLANG_WARN_INT_CONVERSION = YES;
				CLANG_WARN_NON_LITERAL_NULL_CONVERSION = YES;
				CLANG_WARN_OBJC_IMPLICIT_RETAIN_SELF = YES;
				CLANG_WARN_OBJC_LITERAL_CONVERSION = YES;
				CLANG_WARN_OBJC_ROOT_CLASS = YES_ERROR;
				CLANG_WARN_QUOTED_INCLUDE_IN_FRAMEWORK_HEADER = YES;
				CLANG_WARN_RANGE_LOOP_ANALYSIS = YES;
				CLANG_WARN_STRICT_PROTOTYPES = YES;
				CLANG_WARN_SUSPICIOUS_MOVE = YES;
				CLANG_WARN_UNGUARDED_AVAILABILITY = YES_AGGRESSIVE;
				CLANG_WARN_UNREACHABLE_CODE = YES;
				CLANG_WARN__DUPLICATE_METHOD_MATCH = YES;
				COPY_PHASE_STRIP = NO;
				DEBUG_INFORMATION_FORMAT = "dwarf-with-dsym";
				ENABLE_NS_ASSERTIONS = NO;
				ENABLE_STRICT_OBJC_MSGSEND = YES;
				ENABLE_USER_SCRIPT_SANDBOXING = YES;
				GCC_C_LANGUAGE_STANDARD = gnu17;
				GCC_NO_COMMON_BLOCKS = YES;
				GCC_WARN_64_TO_32_BIT_CONVERSION = YES;
				GCC_WARN_ABOUT_RETURN_TYPE = YES_ERROR;
				GCC_WARN_UNDECLARED_SELECTOR = YES;
				GCC_WARN_UNINITIALIZED_AUTOS = YES_AGGRESSIVE;
				GCC_WARN_UNUSED_FUNCTION = YES;
				GCC_WARN_UNUSED_VARIABLE = YES;
				IPHONEOS_DEPLOYMENT_TARGET = 17.5;
				LOCALIZATION_PREFERS_STRING_CATALOGS = YES;
				MTL_ENABLE_DEBUG_INFO = NO;
				MTL_FAST_MATH = YES;
				SDKROOT = iphoneos;
				SWIFT_COMPILATION_MODE = wholemodule;
				VALIDATE_PRODUCT = YES;
			};
			name = Release;
		};
		36C1AD3F2C92EF46000A9861 /* Debug */ = {
			isa = XCBuildConfiguration;
			buildSettings = {
				ASSETCATALOG_COMPILER_APPICON_NAME = AppIcon;
				ASSETCATALOG_COMPILER_GLOBAL_ACCENT_COLOR_NAME = AccentColor;
				CODE_SIGN_STYLE = Automatic;
				CURRENT_PROJECT_VERSION = 1;
				DEVELOPMENT_TEAM = J96ZM8K52F;
				GENERATE_INFOPLIST_FILE = YES;
				INFOPLIST_FILE = Test/System/Info.plist;
				INFOPLIST_KEY_UIApplicationSupportsIndirectInputEvents = YES;
				INFOPLIST_KEY_UILaunchStoryboardName = LaunchScreen;
				INFOPLIST_KEY_UIMainStoryboardFile = Main;
				INFOPLIST_KEY_UISupportedInterfaceOrientations = UIInterfaceOrientationPortrait;
				LD_RUNPATH_SEARCH_PATHS = (
					"$(inherited)",
					"@executable_path/Frameworks",
				);
				MARKETING_VERSION = 1.0;
				PRODUCT_BUNDLE_IDENTIFIER = Makeev095.Test;
				PRODUCT_NAME = "$(TARGET_NAME)";
				SUPPORTED_PLATFORMS = "iphoneos iphonesimulator";
				SUPPORTS_MACCATALYST = NO;
				SUPPORTS_MAC_DESIGNED_FOR_IPHONE_IPAD = NO;
				SUPPORTS_XR_DESIGNED_FOR_IPHONE_IPAD = NO;
				SWIFT_EMIT_LOC_STRINGS = YES;
				SWIFT_VERSION = 5.0;
				TARGETED_DEVICE_FAMILY = "1,2";
			};
			name = Debug;
		};
		36C1AD402C92EF46000A9861 /* Release */ = {
			isa = XCBuildConfiguration;
			buildSettings = {
				ASSETCATALOG_COMPILER_APPICON_NAME = AppIcon;
				ASSETCATALOG_COMPILER_GLOBAL_ACCENT_COLOR_NAME = AccentColor;
				CODE_SIGN_STYLE = Automatic;
				CURRENT_PROJECT_VERSION = 1;
				DEVELOPMENT_TEAM = J96ZM8K52F;
				GENERATE_INFOPLIST_FILE = YES;
				INFOPLIST_FILE = Test/System/Info.plist;
				INFOPLIST_KEY_UIApplicationSupportsIndirectInputEvents = YES;
				INFOPLIST_KEY_UILaunchStoryboardName = LaunchScreen;
				INFOPLIST_KEY_UIMainStoryboardFile = Main;
				INFOPLIST_KEY_UISupportedInterfaceOrientations = UIInterfaceOrientationPortrait;
				LD_RUNPATH_SEARCH_PATHS = (
					"$(inherited)",
					"@executable_path/Frameworks",
				);
				MARKETING_VERSION = 1.0;
				PRODUCT_BUNDLE_IDENTIFIER = Makeev095.Test;
				PRODUCT_NAME = "$(TARGET_NAME)";
				SUPPORTED_PLATFORMS = "iphoneos iphonesimulator";
				SUPPORTS_MACCATALYST = NO;
				SUPPORTS_MAC_DESIGNED_FOR_IPHONE_IPAD = NO;
				SUPPORTS_XR_DESIGNED_FOR_IPHONE_IPAD = NO;
				SWIFT_EMIT_LOC_STRINGS = YES;
				SWIFT_VERSION = 5.0;
				TARGETED_DEVICE_FAMILY = "1,2";
			};
			name = Release;
		};
/* End XCBuildConfiguration section */

/* Begin XCConfigurationList section */
		36C1AD252C92EF44000A9861 /* Build configuration list for PBXProject "Test" */ = {
			isa = XCConfigurationList;
			buildConfigurations = (
				36C1AD3C2C92EF46000A9861 /* Debug */,
				36C1AD3D2C92EF46000A9861 /* Release */,
			);
			defaultConfigurationIsVisible = 0;
			defaultConfigurationName = Release;
		};
		36C1AD3E2C92EF46000A9861 /* Build configuration list for PBXNativeTarget "Test" */ = {
			isa = XCConfigurationList;
			buildConfigurations = (
				36C1AD3F2C92EF46000A9861 /* Debug */,
				36C1AD402C92EF46000A9861 /* Release */,
			);
			defaultConfigurationIsVisible = 0;
			defaultConfigurationName = Release;
		};
/* End XCConfigurationList section */

/* Begin XCRemoteSwiftPackageReference section */
		36C1AD4F2C931835000A9861 /* XCRemoteSwiftPackageReference "Charts" */ = {
			isa = XCRemoteSwiftPackageReference;
			repositoryURL = "https://github.com/danielgindi/Charts";
			requirement = {
				kind = upToNextMajorVersion;
				minimumVersion = 5.1.0;
			};
		};
/* End XCRemoteSwiftPackageReference section */

/* Begin XCSwiftPackageProductDependency section */
		36C1AD502C931835000A9861 /* DGCharts */ = {
			isa = XCSwiftPackageProductDependency;
			package = 36C1AD4F2C931835000A9861 /* XCRemoteSwiftPackageReference "Charts" */;
			productName = DGCharts;
		};
		36C1AD522C931835000A9861 /* DGChartsDynamic */ = {
			isa = XCSwiftPackageProductDependency;
			package = 36C1AD4F2C931835000A9861 /* XCRemoteSwiftPackageReference "Charts" */;
			productName = DGChartsDynamic;
		};
/* End XCSwiftPackageProductDependency section */
	};
	rootObject = 36C1AD222C92EF44000A9861 /* Project object */;
}
